
Microsoft Visual Studio Solution File, Format Version 12.00
# Visual Studio Version 17
VisualStudioVersion = 17.0.31717.71
MinimumVisualStudioVersion = 10.0.40219.1
Project("{9A19103F-16F7-4668-BE54-9A1E7A4F7556}") = "BlazorLayouts.Docs.Wasm", "BlazorLayouts.Docs.Wasm.csproj", "{CAC21382-C538-4940-9E48-17407F292B00}"
EndProject
Global
	GlobalSection(SolutionConfigurationPlatforms) = preSolution
		Debug|Any CPU = Debug|Any CPU
		Release|Any CPU = Release|Any CPU
	EndGlobalSection
	GlobalSection(ProjectConfigurationPlatforms) = postSolution
		{CAC21382-C538-4940-9E48-17407F292B00}.Debug|Any CPU.ActiveCfg = Debug|Any CPU
		{CAC21382-C538-4940-9E48-17407F292B00}.Debug|Any CPU.Build.0 = Debug|Any CPU
		{CAC21382-C538-4940-9E48-17407F292B00}.Release|Any CPU.ActiveCfg = Release|Any CPU
		{CAC21382-C538-4940-9E48-17407F292B00}.Release|Any CPU.Build.0 = Release|Any CPU
	EndGlobalSection
	GlobalSection(SolutionProperties) = preSolution
		HideSolutionNode = FALSE
	EndGlobalSection
	GlobalSection(ExtensibilityGlobals) = postSolution
		SolutionGuid = {291931EC-674C-4B15-91EA-2AA80D2B28C4}
	EndGlobalSection
EndGlobal